
Microsoft Visual Studio Solution File, Format Version 12.00
# Visual Studio Version 17
VisualStudioVersion = 17.0.31903.59
MinimumVisualStudioVersion = 10.0.40219.1
Project("{FAE04EC0-301F-11D3-BF4B-00C04F79EFBC}") = "PayYourChart", "PayYourChart\PayYourChart.csproj", "{3C54379E-D9FA-4783-922C-60D7A8C8A42B}"
EndProject
Project("{2150E333-8FDC-42A3-9474-1A3956D46DE8}") = "modules", "modules", "{290E2809-9F4A-4C2E-9657-E202DA08CCD4}"
EndProject
Project("{2150E333-8FDC-42A3-9474-1A3956D46DE8}") = "PatientModule", "PatientModule", "{A4089304-2D1D-4824-A12F-D446DD4A8269}"
EndProject
Project("{2150E333-8FDC-42A3-9474-1A3956D46DE8}") = "shared", "shared", "{6BDF1C8D-04D6-4A5C-9C3F-ECF939A55BDC}"
EndProject
Project("{FAE04EC0-301F-11D3-BF4B-00C04F79EFBC}") = "PayYourChart.Module.Common", "shared\PayYourChart.Module.Common\PayYourChart.Module.Common.csproj", "{EA46974A-3251-466F-BDF0-3351B3BB9A9A}"
EndProject
Project("{FAE04EC0-301F-11D3-BF4B-00C04F79EFBC}") = "PayYourChart.Module.Patient", "modules\PatientModule\PayYourChart.Module.Patient\PayYourChart.Module.Patient.csproj", "{DE7CF7F4-DF66-4F5A-84AB-33382D56DA49}"
EndProject
Project("{2150E333-8FDC-42A3-9474-1A3956D46DE8}") = "ItemModule", "ItemModule", "{797BB894-30F6-4DFE-990E-622F53D92C7E}"
EndProject
Project("{FAE04EC0-301F-11D3-BF4B-00C04F79EFBC}") = "PayYourChart.Module.Item", "modules\ItemModule\PayYourChart.Module.Item\PayYourChart.Module.Item.csproj", "{97888062-23BA-4908-8506-E3CE732F4C8E}"
EndProject
Project("{FAE04EC0-301F-11D3-BF4B-00C04F79EFBC}") = "PayYourChart.Module.Item.Contracts", "modules\ItemModule\PayYourChart.Module.Item.Contract\PayYourChart.Module.Item.Contracts.csproj", "{6E3FC928-CC2D-400D-8930-F090DE2E6EE2}"
EndProject
Project("{FAE04EC0-301F-11D3-BF4B-00C04F79EFBC}") = "PayYourChart.Module.Item.UnitTests", "modules\ItemModule\PayYourChart.Module.Item.UnitTests\PayYourChart.Module.Item.UnitTests.csproj", "{42A441F8-31BC-4559-9A49-8EAF369CC3F0}"
EndProject
Project("{FAE04EC0-301F-11D3-BF4B-00C04F79EFBC}") = "PayYourChart.Module.Tests.Common", "shared\PayYourChart.Module.Tests.Common\PayYourChart.Module.Tests.Common.csproj", "{1C6FB6A4-A9E2-414F-A8CE-8C8F187A046A}"
EndProject
Project("{FAE04EC0-301F-11D3-BF4B-00C04F79EFBC}") = "PayYourChart.Module.Patient.UnitTests", "modules\PatientModule\PayYourChart.Module.Patient.UnitTests\PayYourChart.Module.Patient.UnitTests.csproj", "{C24557CF-2169-42A9-BBCD-69B42763D692}"
EndProject
Global
	GlobalSection(SolutionConfigurationPlatforms) = preSolution
		Debug|Any CPU = Debug|Any CPU
		Release|Any CPU = Release|Any CPU
	EndGlobalSection
	GlobalSection(ProjectConfigurationPlatforms) = postSolution
		{3C54379E-D9FA-4783-922C-60D7A8C8A42B}.Debug|Any CPU.ActiveCfg = Debug|Any CPU
		{3C54379E-D9FA-4783-922C-60D7A8C8A42B}.Debug|Any CPU.Build.0 = Debug|Any CPU
		{3C54379E-D9FA-4783-922C-60D7A8C8A42B}.Release|Any CPU.ActiveCfg = Release|Any CPU
		{3C54379E-D9FA-4783-922C-60D7A8C8A42B}.Release|Any CPU.Build.0 = Release|Any CPU
		{EA46974A-3251-466F-BDF0-3351B3BB9A9A}.Debug|Any CPU.ActiveCfg = Debug|Any CPU
		{EA46974A-3251-466F-BDF0-3351B3BB9A9A}.Debug|Any CPU.Build.0 = Debug|Any CPU
		{EA46974A-3251-466F-BDF0-3351B3BB9A9A}.Release|Any CPU.ActiveCfg = Release|Any CPU
		{EA46974A-3251-466F-BDF0-3351B3BB9A9A}.Release|Any CPU.Build.0 = Release|Any CPU
		{DE7CF7F4-DF66-4F5A-84AB-33382D56DA49}.Debug|Any CPU.ActiveCfg = Debug|Any CPU
		{DE7CF7F4-DF66-4F5A-84AB-33382D56DA49}.Debug|Any CPU.Build.0 = Debug|Any CPU
		{DE7CF7F4-DF66-4F5A-84AB-33382D56DA49}.Release|Any CPU.ActiveCfg = Release|Any CPU
		{DE7CF7F4-DF66-4F5A-84AB-33382D56DA49}.Release|Any CPU.Build.0 = Release|Any CPU
		{97888062-23BA-4908-8506-E3CE732F4C8E}.Debug|Any CPU.ActiveCfg = Debug|Any CPU
		{97888062-23BA-4908-8506-E3CE732F4C8E}.Debug|Any CPU.Build.0 = Debug|Any CPU
		{97888062-23BA-4908-8506-E3CE732F4C8E}.Release|Any CPU.ActiveCfg = Release|Any CPU
		{97888062-23BA-4908-8506-E3CE732F4C8E}.Release|Any CPU.Build.0 = Release|Any CPU
		{6E3FC928-CC2D-400D-8930-F090DE2E6EE2}.Debug|Any CPU.ActiveCfg = Debug|Any CPU
		{6E3FC928-CC2D-400D-8930-F090DE2E6EE2}.Debug|Any CPU.Build.0 = Debug|Any CPU
		{6E3FC928-CC2D-400D-8930-F090DE2E6EE2}.Release|Any CPU.ActiveCfg = Release|Any CPU
		{6E3FC928-CC2D-400D-8930-F090DE2E6EE2}.Release|Any CPU.Build.0 = Release|Any CPU
		{42A441F8-31BC-4559-9A49-8EAF369CC3F0}.Debug|Any CPU.ActiveCfg = Debug|Any CPU
		{42A441F8-31BC-4559-9A49-8EAF369CC3F0}.Debug|Any CPU.Build.0 = Debug|Any CPU
		{42A441F8-31BC-4559-9A49-8EAF369CC3F0}.Release|Any CPU.ActiveCfg = Release|Any CPU
		{42A441F8-31BC-4559-9A49-8EAF369CC3F0}.Release|Any CPU.Build.0 = Release|Any CPU
		{1C6FB6A4-A9E2-414F-A8CE-8C8F187A046A}.Debug|Any CPU.ActiveCfg = Debug|Any CPU
		{1C6FB6A4-A9E2-414F-A8CE-8C8F187A046A}.Debug|Any CPU.Build.0 = Debug|Any CPU
		{1C6FB6A4-A9E2-414F-A8CE-8C8F187A046A}.Release|Any CPU.ActiveCfg = Release|Any CPU
		{1C6FB6A4-A9E2-414F-A8CE-8C8F187A046A}.Release|Any CPU.Build.0 = Release|Any CPU
		{C24557CF-2169-42A9-BBCD-69B42763D692}.Debug|Any CPU.ActiveCfg = Debug|Any CPU
		{C24557CF-2169-42A9-BBCD-69B42763D692}.Debug|Any CPU.Build.0 = Debug|Any CPU
		{C24557CF-2169-42A9-BBCD-69B42763D692}.Release|Any CPU.ActiveCfg = Release|Any CPU
		{C24557CF-2169-42A9-BBCD-69B42763D692}.Release|Any CPU.Build.0 = Release|Any CPU
	EndGlobalSection
	GlobalSection(SolutionProperties) = preSolution
		HideSolutionNode = FALSE
	EndGlobalSection
	GlobalSection(NestedProjects) = preSolution
		{A4089304-2D1D-4824-A12F-D446DD4A8269} = {290E2809-9F4A-4C2E-9657-E202DA08CCD4}
		{EA46974A-3251-466F-BDF0-3351B3BB9A9A} = {6BDF1C8D-04D6-4A5C-9C3F-ECF939A55BDC}
		{DE7CF7F4-DF66-4F5A-84AB-33382D56DA49} = {A4089304-2D1D-4824-A12F-D446DD4A8269}
		{797BB894-30F6-4DFE-990E-622F53D92C7E} = {290E2809-9F4A-4C2E-9657-E202DA08CCD4}
		{97888062-23BA-4908-8506-E3CE732F4C8E} = {797BB894-30F6-4DFE-990E-622F53D92C7E}
		{6E3FC928-CC2D-400D-8930-F090DE2E6EE2} = {797BB894-30F6-4DFE-990E-622F53D92C7E}
		{42A441F8-31BC-4559-9A49-8EAF369CC3F0} = {797BB894-30F6-4DFE-990E-622F53D92C7E}
		{1C6FB6A4-A9E2-414F-A8CE-8C8F187A046A} = {6BDF1C8D-04D6-4A5C-9C3F-ECF939A55BDC}
		{C24557CF-2169-42A9-BBCD-69B42763D692} = {A4089304-2D1D-4824-A12F-D446DD4A8269}
	EndGlobalSection
EndGlobal
